
Microsoft Visual Studio Solution File, Format Version 12.00
# Visual Studio Version 17
VisualStudioVersion = 17.1.32319.34
MinimumVisualStudioVersion = 10.0.40219.1
Project("{FAE04EC0-301F-11D3-BF4B-00C04F79EFBC}") = "MinimalApi.Extensions", "MinimalApi.Extensions.csproj", "{B996CFD9-E6B0-4AE2-9E39-7AEA47F205E5}"
EndProject
Global
	GlobalSection(SolutionConfigurationPlatforms) = preSolution
		Debug|Any CPU = Debug|Any CPU
		Release|Any CPU = Release|Any CPU
	EndGlobalSection
	GlobalSection(ProjectConfigurationPlatforms) = postSolution
		{B996CFD9-E6B0-4AE2-9E39-7AEA47F205E5}.Debug|Any CPU.ActiveCfg = Debug|Any CPU
		{B996CFD9-E6B0-4AE2-9E39-7AEA47F205E5}.Debug|Any CPU.Build.0 = Debug|Any CPU
		{B996CFD9-E6B0-4AE2-9E39-7AEA47F205E5}.Release|Any CPU.ActiveCfg = Release|Any CPU
		{B996CFD9-E6B0-4AE2-9E39-7AEA47F205E5}.Release|Any CPU.Build.0 = Release|Any CPU
	EndGlobalSection
	GlobalSection(SolutionProperties) = preSolution
		HideSolutionNode = FALSE
	EndGlobalSection
	GlobalSection(ExtensibilityGlobals) = postSolution
		SolutionGuid = {817F6417-9277-47B0-9562-840F9E233C40}
	EndGlobalSection
EndGlobal
